{
    "name": "nwproject",
    "version": "1.0.0",
    "lockfileVersion": 1,
    "requires": true,
    "dependencies": {
        "async": {
            "version": "2.6.4",
            "resolved": "https://registry.npmjs.org/async/-/async-2.6.4.tgz",
            "integrity": "sha512-mzo5dfJYwAn29PeiJ0zvwTo04zj8HDJj0Mn8TD7sno7q12prdbnasKJHhkm2c1LgrhlJ0teaea8860oxi51mGA==",
            "requires": {
                "lodash": "^4.17.14"
            }
        },
        "lodash": {
            "version": "4.17.21",
            "resolved": "https://registry.npmjs.org/lodash/-/lodash-4.17.21.tgz",
            "integrity": "sha512-v2kDEe57lecTulaDIuNTPy3Ry4gLGJ6Z1O3vE1krgXZNrsQ+LFTGHVxVjcXPs17LhbZVGedAJv8XZ1tvj5FvSg=="
        },
        "lunr": {
            "version": "2.3.5",
            "resolved": "https://registry.npmjs.org/lunr/-/lunr-2.3.5.tgz",
            "integrity": "sha512-EtnfmHsHJTr3u24sito9JctSxej5Ds0SgUD2Lm+qRHyLgM7BGesFlW14eNh1mil0fV5Muh8gf3dBBXzADlUlzQ=="
        },
        "os-homedir": {
            "version": "1.0.2",
            "resolved": "http://registry.npmjs.org/os-homedir/-/os-homedir-1.0.2.tgz",
            "integrity": "sha1-/7xJiDNuDoM94MFox+8VISGqf7M="
        },
        "os-tmpdir": {
            "version": "1.0.2",
            "resolved": "http://registry.npmjs.org/os-tmpdir/-/os-tmpdir-1.0.2.tgz",
            "integrity": "sha1-u+Z0BseaqFxc/sdm/lc0VV36EnQ="
        },
        "osenv": {
            "version": "0.1.5",
            "resolved": "https://registry.npmjs.org/osenv/-/osenv-0.1.5.tgz",
            "integrity": "sha512-0CWcCECdMVc2Rw3U5w9ZjqX6ga6ubk1xDVKxtBQPK7wis/0F2r9T6k4ydGYhecl7YUBxBVxhL5oisPsNxAPe2g==",
            "requires": {
                "os-homedir": "^1.0.0",
                "os-tmpdir": "^1.0.0"
            }
        }
    }
}
